// !$*UTF8*$!
{
	archiveVersion = 1;
	classes = {
	};
	objectVersion = 46;
	objects = {

/* Begin PBXBuildFile section */
		65E7E024195F1D75003A0280 /* craft.h in Headers */ = {isa = PBXBuildFile; fileRef = 65E7E023195F1D75003A0280 /* craft.h */; settings = {ATTRIBUTES = (Public, ); }; };
		65E7E02A195F1D75003A0280 /* craft.framework in Frameworks */ = {isa = PBXBuildFile; fileRef = 65E7E01E195F1D75003A0280 /* craft.framework */; };
		65E7E031195F1D75003A0280 /* craftTests.swift in Sources */ = {isa = PBXBuildFile; fileRef = 65E7E030195F1D75003A0280 /* craftTests.swift */; };
		65E7E03B195F1DDB003A0280 /* Craft.swift in Sources */ = {isa = PBXBuildFile; fileRef = 65E7E03A195F1DDB003A0280 /* Craft.swift */; };
		65E7E03D195F20B4003A0280 /* Promise.swift in Sources */ = {isa = PBXBuildFile; fileRef = 65E7E03C195F20B4003A0280 /* Promise.swift */; };
		65E7E048195F21E9003A0280 /* craft.framework in Frameworks */ = {isa = PBXBuildFile; fileRef = 65E7E01E195F1D75003A0280 /* craft.framework */; };
/* End PBXBuildFile section */

/* Begin PBXContainerItemProxy section */
		65E7E02B195F1D75003A0280 /* PBXContainerItemProxy */ = {
			isa = PBXContainerItemProxy;
			containerPortal = 65E7E015195F1D75003A0280 /* Project object */;
			proxyType = 1;
			remoteGlobalIDString = 65E7E01D195F1D75003A0280;
			remoteInfo = craft;
		};
		65E7E049195F21E9003A0280 /* PBXContainerItemProxy */ = {
			isa = PBXContainerItemProxy;
			containerPortal = 65E7E015195F1D75003A0280 /* Project object */;
			proxyType = 1;
			remoteGlobalIDString = 65E7E01D195F1D75003A0280;
			remoteInfo = craft;
		};
		65E7E04E195F50C9003A0280 /* PBXContainerItemProxy */ = {
			isa = PBXContainerItemProxy;
			containerPortal = 65E7E015195F1D75003A0280 /* Project object */;
			proxyType = 1;
			remoteGlobalIDString = 65E7E01D195F1D75003A0280;
			remoteInfo = craft;
		};
/* End PBXContainerItemProxy section */

/* Begin PBXFileReference section */
		65E7E01E195F1D75003A0280 /* craft.framework */ = {isa = PBXFileReference; explicitFileType = wrapper.framework; includeInIndex = 0; path = craft.framework; sourceTree = BUILT_PRODUCTS_DIR; };
		65E7E022195F1D75003A0280 /* Info.plist */ = {isa = PBXFileReference; lastKnownFileType = text.plist.xml; path = Info.plist; sourceTree = "<group>"; };
		65E7E023195F1D75003A0280 /* craft.h */ = {isa = PBXFileReference; lastKnownFileType = sourcecode.c.h; path = craft.h; sourceTree = "<group>"; };
		65E7E029195F1D75003A0280 /* craftTests.xctest */ = {isa = PBXFileReference; explicitFileType = wrapper.cfbundle; includeInIndex = 0; path = craftTests.xctest; sourceTree = BUILT_PRODUCTS_DIR; };
		65E7E02F195F1D75003A0280 /* Info.plist */ = {isa = PBXFileReference; lastKnownFileType = text.plist.xml; path = Info.plist; sourceTree = "<group>"; };
		65E7E030195F1D75003A0280 /* craftTests.swift */ = {isa = PBXFileReference; lastKnownFileType = sourcecode.swift; path = craftTests.swift; sourceTree = "<group>"; };
		65E7E03A195F1DDB003A0280 /* Craft.swift */ = {isa = PBXFileReference; fileEncoding = 4; lastKnownFileType = sourcecode.swift; path = Craft.swift; sourceTree = "<group>"; };
		65E7E03C195F20B4003A0280 /* Promise.swift */ = {isa = PBXFileReference; fileEncoding = 4; lastKnownFileType = sourcecode.swift; path = Promise.swift; sourceTree = "<group>"; };
		65E7E042195F21E9003A0280 /* craft Tests.xctest */ = {isa = PBXFileReference; explicitFileType = wrapper.cfbundle; includeInIndex = 0; path = "craft Tests.xctest"; sourceTree = BUILT_PRODUCTS_DIR; };
/* End PBXFileReference section */

/* Begin PBXFrameworksBuildPhase section */
		65E7E01A195F1D75003A0280 /* Frameworks */ = {
			isa = PBXFrameworksBuildPhase;
			buildActionMask = 2147483647;
			files = (
			);
			runOnlyForDeploymentPostprocessing = 0;
		};
		65E7E026195F1D75003A0280 /* Frameworks */ = {
			isa = PBXFrameworksBuildPhase;
			buildActionMask = 2147483647;
			files = (
				65E7E02A195F1D75003A0280 /* craft.framework in Frameworks */,
			);
			runOnlyForDeploymentPostprocessing = 0;
		};
		65E7E03F195F21E9003A0280 /* Frameworks */ = {
			isa = PBXFrameworksBuildPhase;
			buildActionMask = 2147483647;
			files = (
				65E7E048195F21E9003A0280 /* craft.framework in Frameworks */,
			);
			runOnlyForDeploymentPostprocessing = 0;
		};
/* End PBXFrameworksBuildPhase section */

/* Begin PBXGroup section */
		65E7E014195F1D75003A0280 = {
			isa = PBXGroup;
			children = (
				65E7E020195F1D75003A0280 /* craft */,
				65E7E02D195F1D75003A0280 /* craftTests */,
				65E7E01F195F1D75003A0280 /* Products */,
			);
			sourceTree = "<group>";
		};
		65E7E01F195F1D75003A0280 /* Products */ = {
			isa = PBXGroup;
			children = (
				65E7E01E195F1D75003A0280 /* craft.framework */,
				65E7E029195F1D75003A0280 /* craftTests.xctest */,
				65E7E042195F21E9003A0280 /* craft Tests.xctest */,
			);
			name = Products;
			sourceTree = "<group>";
		};
		65E7E020195F1D75003A0280 /* craft */ = {
			isa = PBXGroup;
			children = (
				65E7E023195F1D75003A0280 /* craft.h */,
				65E7E021195F1D75003A0280 /* Supporting Files */,
				65E7E03A195F1DDB003A0280 /* Craft.swift */,
				65E7E03C195F20B4003A0280 /* Promise.swift */,
			);
			path = craft;
			sourceTree = "<group>";
		};
		65E7E021195F1D75003A0280 /* Supporting Files */ = {
			isa = PBXGroup;
			children = (
				65E7E022195F1D75003A0280 /* Info.plist */,
			);
			name = "Supporting Files";
			sourceTree = "<group>";
		};
		65E7E02D195F1D75003A0280 /* craftTests */ = {
			isa = PBXGroup;
			children = (
				65E7E030195F1D75003A0280 /* craftTests.swift */,
				65E7E02E195F1D75003A0280 /* Supporting Files */,
			);
			path = craftTests;
			sourceTree = "<group>";
		};
		65E7E02E195F1D75003A0280 /* Supporting Files */ = {
			isa = PBXGroup;
			children = (
				65E7E02F195F1D75003A0280 /* Info.plist */,
			);
			name = "Supporting Files";
			sourceTree = "<group>";
		};
/* End PBXGroup section */

/* Begin PBXHeadersBuildPhase section */
		65E7E01B195F1D75003A0280 /* Headers */ = {
			isa = PBXHeadersBuildPhase;
			buildActionMask = 2147483647;
			files = (
				65E7E024195F1D75003A0280 /* craft.h in Headers */,
			);
			runOnlyForDeploymentPostprocessing = 0;
		};
/* End PBXHeadersBuildPhase section */

/* Begin PBXNativeTarget section */
		65E7E01D195F1D75003A0280 /* craft */ = {
			isa = PBXNativeTarget;
			buildConfigurationList = 65E7E034195F1D75003A0280 /* Build configuration list for PBXNativeTarget "craft" */;
			buildPhases = (
				65E7E019195F1D75003A0280 /* Sources */,
				65E7E01A195F1D75003A0280 /* Frameworks */,
				65E7E01B195F1D75003A0280 /* Headers */,
				65E7E01C195F1D75003A0280 /* Resources */,
			);
			buildRules = (
			);
			dependencies = (
			);
			name = craft;
			productName = craft;
			productReference = 65E7E01E195F1D75003A0280 /* craft.framework */;
			productType = "com.apple.product-type.framework";
		};
		65E7E028195F1D75003A0280 /* craftTests */ = {
			isa = PBXNativeTarget;
			buildConfigurationList = 65E7E037195F1D75003A0280 /* Build configuration list for PBXNativeTarget "craftTests" */;
			buildPhases = (
				65E7E025195F1D75003A0280 /* Sources */,
				65E7E026195F1D75003A0280 /* Frameworks */,
				65E7E027195F1D75003A0280 /* Resources */,
			);
			buildRules = (
			);
			dependencies = (
				65E7E02C195F1D75003A0280 /* PBXTargetDependency */,
			);
			name = craftTests;
			productName = craftTests;
			productReference = 65E7E029195F1D75003A0280 /* craftTests.xctest */;
			productType = "com.apple.product-type.bundle.unit-test";
		};
		65E7E041195F21E9003A0280 /* craft Tests */ = {
			isa = PBXNativeTarget;
			buildConfigurationList = 65E7E04B195F21E9003A0280 /* Build configuration list for PBXNativeTarget "craft Tests" */;
			buildPhases = (
				65E7E03E195F21E9003A0280 /* Sources */,
				65E7E03F195F21E9003A0280 /* Frameworks */,
				65E7E040195F21E9003A0280 /* Resources */,
			);
			buildRules = (
			);
			dependencies = (
				65E7E04A195F21E9003A0280 /* PBXTargetDependency */,
				65E7E04F195F50C9003A0280 /* PBXTargetDependency */,
			);
			name = "craft Tests";
			productName = "craft Tests";
			productReference = 65E7E042195F21E9003A0280 /* craft Tests.xctest */;
			productType = "com.apple.product-type.bundle.unit-test";
		};
/* End PBXNativeTarget section */

/* Begin PBXProject section */
		65E7E015195F1D75003A0280 /* Project object */ = {
			isa = PBXProject;
			attributes = {
				LastUpgradeCheck = 0600;
				ORGANIZATIONNAME = "Tommy Leung";
				TargetAttributes = {
					65E7E01D195F1D75003A0280 = {
						CreatedOnToolsVersion = 6.0;
					};
					65E7E028195F1D75003A0280 = {
						CreatedOnToolsVersion = 6.0;
						TestTargetID = 65E7E01D195F1D75003A0280;
					};
					65E7E041195F21E9003A0280 = {
						CreatedOnToolsVersion = 6.0;
						TestTargetID = 65E7E01D195F1D75003A0280;
					};
				};
			};
			buildConfigurationList = 65E7E018195F1D75003A0280 /* Build configuration list for PBXProject "craft" */;
			compatibilityVersion = "Xcode 3.2";
			developmentRegion = English;
			hasScannedForEncodings = 0;
			knownRegions = (
				en,
			);
			mainGroup = 65E7E014195F1D75003A0280;
			productRefGroup = 65E7E01F195F1D75003A0280 /* Products */;
			projectDirPath = "";
			projectRoot = "";
			targets = (
				65E7E01D195F1D75003A0280 /* craft */,
				65E7E028195F1D75003A0280 /* craftTests */,
				65E7E041195F21E9003A0280 /* craft Tests */,
			);
		};
/* End PBXProject section */

/* Begin PBXResourcesBuildPhase section */
		65E7E01C195F1D75003A0280 /* Resources */ = {
			isa = PBXResourcesBuildPhase;
			buildActionMask = 2147483647;
			files = (
			);
			runOnlyForDeploymentPostprocessing = 0;
		};
		65E7E027195F1D75003A0280 /* Resources */ = {
			isa = PBXResourcesBuildPhase;
			buildActionMask = 2147483647;
			files = (
			);
			runOnlyForDeploymentPostprocessing = 0;
		};
		65E7E040195F21E9003A0280 /* Resources */ = {
			isa = PBXResourcesBuildPhase;
			buildActionMask = 2147483647;
			files = (
			);
			runOnlyForDeploymentPostprocessing = 0;
		};
/* End PBXResourcesBuildPhase section */

/* Begin PBXSourcesBuildPhase section */
		65E7E019195F1D75003A0280 /* Sources */ = {
			isa = PBXSourcesBuildPhase;
			buildActionMask = 2147483647;
			files = (
				65E7E03B195F1DDB003A0280 /* Craft.swift in Sources */,
				65E7E03D195F20B4003A0280 /* Promise.swift in Sources */,
			);
			runOnlyForDeploymentPostprocessing = 0;
		};
		65E7E025195F1D75003A0280 /* Sources */ = {
			isa = PBXSourcesBuildPhase;
			buildActionMask = 2147483647;
			files = (
				65E7E031195F1D75003A0280 /* craftTests.swift in Sources */,
			);
			runOnlyForDeploymentPostprocessing = 0;
		};
		65E7E03E195F21E9003A0280 /* Sources */ = {
			isa = PBXSourcesBuildPhase;
			buildActionMask = 2147483647;
			files = (
			);
			runOnlyForDeploymentPostprocessing = 0;
		};
/* End PBXSourcesBuildPhase section */

/* Begin PBXTargetDependency section */
		65E7E02C195F1D75003A0280 /* PBXTargetDependency */ = {
			isa = PBXTargetDependency;
			target = 65E7E01D195F1D75003A0280 /* craft */;
			targetProxy = 65E7E02B195F1D75003A0280 /* PBXContainerItemProxy */;
		};
		65E7E04A195F21E9003A0280 /* PBXTargetDependency */ = {
			isa = PBXTargetDependency;
			target = 65E7E01D195F1D75003A0280 /* craft */;
			targetProxy = 65E7E049195F21E9003A0280 /* PBXContainerItemProxy */;
		};
		65E7E04F195F50C9003A0280 /* PBXTargetDependency */ = {
			isa = PBXTargetDependency;
			target = 65E7E01D195F1D75003A0280 /* craft */;
			targetProxy = 65E7E04E195F50C9003A0280 /* PBXContainerItemProxy */;
		};
/* End PBXTargetDependency section */

/* Begin XCBuildConfiguration section */
		65E7E032195F1D75003A0280 /* Debug */ = {
			isa = XCBuildConfiguration;
			buildSettings = {
				ALWAYS_SEARCH_USER_PATHS = NO;
				CLANG_CXX_LANGUAGE_STANDARD = "gnu++0x";
				CLANG_CXX_LIBRARY = "libc++";
				CLANG_ENABLE_MODULES = YES;
				CLANG_ENABLE_OBJC_ARC = YES;
				CLANG_WARN_BOOL_CONVERSION = YES;
				CLANG_WARN_CONSTANT_CONVERSION = YES;
				CLANG_WARN_DIRECT_OBJC_ISA_USAGE = YES_ERROR;
				CLANG_WARN_EMPTY_BODY = YES;
				CLANG_WARN_ENUM_CONVERSION = YES;
				CLANG_WARN_INT_CONVERSION = YES;
				CLANG_WARN_OBJC_ROOT_CLASS = YES_ERROR;
				CLANG_WARN_UNREACHABLE_CODE = YES;
				CLANG_WARN__DUPLICATE_METHOD_MATCH = YES;
				COPY_PHASE_STRIP = NO;
				CURRENT_PROJECT_VERSION = 1;
				ENABLE_STRICT_OBJC_MSGSEND = YES;
				GCC_C_LANGUAGE_STANDARD = gnu99;
				GCC_DYNAMIC_NO_PIC = NO;
				GCC_OPTIMIZATION_LEVEL = 0;
				GCC_PREPROCESSOR_DEFINITIONS = (
					"DEBUG=1",
					"$(inherited)",
				);
				GCC_SYMBOLS_PRIVATE_EXTERN = NO;
				GCC_WARN_64_TO_32_BIT_CONVERSION = YES;
				GCC_WARN_ABOUT_RETURN_TYPE = YES_ERROR;
				GCC_WARN_UNDECLARED_SELECTOR = YES;
				GCC_WARN_UNINITIALIZED_AUTOS = YES_AGGRESSIVE;
				GCC_WARN_UNUSED_FUNCTION = YES;
				GCC_WARN_UNUSED_VARIABLE = YES;
				MACOSX_DEPLOYMENT_TARGET = 10.9;
				METAL_ENABLE_DEBUG_INFO = YES;
				ONLY_ACTIVE_ARCH = YES;
				SDKROOT = macosx;
				SWIFT_OPTIMIZATION_LEVEL = "-Onone";
				VERSIONING_SYSTEM = "apple-generic";
				VERSION_INFO_PREFIX = "";
			};
			name = Debug;
		};
		65E7E033195F1D75003A0280 /* Release */ = {
			isa = XCBuildConfiguration;
			buildSettings = {
				ALWAYS_SEARCH_USER_PATHS = NO;
				CLANG_CXX_LANGUAGE_STANDARD = "gnu++0x";
				CLANG_CXX_LIBRARY = "libc++";
				CLANG_ENABLE_MODULES = YES;
				CLANG_ENABLE_OBJC_ARC = YES;
				CLANG_WARN_BOOL_CONVERSION = YES;
				CLANG_WARN_CONSTANT_CONVERSION = YES;
				CLANG_WARN_DIRECT_OBJC_ISA_USAGE = YES_ERROR;
				CLANG_WARN_EMPTY_BODY = YES;
				CLANG_WARN_ENUM_CONVERSION = YES;
				CLANG_WARN_INT_CONVERSION = YES;
				CLANG_WARN_OBJC_ROOT_CLASS = YES_ERROR;
				CLANG_WARN_UNREACHABLE_CODE = YES;
				CLANG_WARN__DUPLICATE_METHOD_MATCH = YES;
				COPY_PHASE_STRIP = YES;
				CURRENT_PROJECT_VERSION = 1;
				DEBUG_INFORMATION_FORMAT = "dwarf-with-dsym";
				ENABLE_NS_ASSERTIONS = NO;
				ENABLE_STRICT_OBJC_MSGSEND = YES;
				GCC_C_LANGUAGE_STANDARD = gnu99;
				GCC_WARN_64_TO_32_BIT_CONVERSION = YES;
				GCC_WARN_ABOUT_RETURN_TYPE = YES_ERROR;
				GCC_WARN_UNDECLARED_SELECTOR = YES;
				GCC_WARN_UNINITIALIZED_AUTOS = YES_AGGRESSIVE;
				GCC_WARN_UNUSED_FUNCTION = YES;
				GCC_WARN_UNUSED_VARIABLE = YES;
				MACOSX_DEPLOYMENT_TARGET = 10.9;
				METAL_ENABLE_DEBUG_INFO = NO;
				SDKROOT = macosx;
				VERSIONING_SYSTEM = "apple-generic";
				VERSION_INFO_PREFIX = "";
			};
			name = Release;
		};
		65E7E035195F1D75003A0280 /* Debug */ = {
			isa = XCBuildConfiguration;
			buildSettings = {
				CLANG_ENABLE_MODULES = YES;
				COMBINE_HIDPI_IMAGES = YES;
				DEFINES_MODULE = YES;
				DYLIB_COMPATIBILITY_VERSION = 1;
				DYLIB_CURRENT_VERSION = 1;
				DYLIB_INSTALL_NAME_BASE = "@rpath";
				FRAMEWORK_VERSION = A;
				INFOPLIST_FILE = craft/Info.plist;
				INSTALL_PATH = "$(LOCAL_LIBRARY_DIR)/Frameworks";
				LD_RUNPATH_SEARCH_PATHS = "$(inherited) @executable_path/../Frameworks @loader_path/../Frameworks";
				PRODUCT_MODULE_NAME = craft;
				PRODUCT_NAME = "$(TARGET_NAME)";
				SKIP_INSTALL = YES;
				SWIFT_OPTIMIZATION_LEVEL = "-Onone";
			};
			name = Debug;
		};
		65E7E036195F1D75003A0280 /* Release */ = {
			isa = XCBuildConfiguration;
			buildSettings = {
				CLANG_ENABLE_MODULES = YES;
				COMBINE_HIDPI_IMAGES = YES;
				DEFINES_MODULE = YES;
				DYLIB_COMPATIBILITY_VERSION = 1;
				DYLIB_CURRENT_VERSION = 1;
				DYLIB_INSTALL_NAME_BASE = "@rpath";
				FRAMEWORK_VERSION = A;
				INFOPLIST_FILE = craft/Info.plist;
				INSTALL_PATH = "$(LOCAL_LIBRARY_DIR)/Frameworks";
				LD_RUNPATH_SEARCH_PATHS = "$(inherited) @executable_path/../Frameworks @loader_path/../Frameworks";
				PRODUCT_MODULE_NAME = craft;
				PRODUCT_NAME = "$(TARGET_NAME)";
				SKIP_INSTALL = YES;
			};
			name = Release;
		};
		65E7E038195F1D75003A0280 /* Debug */ = {
			isa = XCBuildConfiguration;
			buildSettings = {
				COMBINE_HIDPI_IMAGES = YES;
				FRAMEWORK_SEARCH_PATHS = (
					"$(DEVELOPER_FRAMEWORKS_DIR)",
					"$(inherited)",
				);
				GCC_PREPROCESSOR_DEFINITIONS = (
					"DEBUG=1",
					"$(inherited)",
				);
				INFOPLIST_FILE = craftTests/Info.plist;
				LD_RUNPATH_SEARCH_PATHS = "$(inherited) @executable_path/../Frameworks @loader_path/../Frameworks";
				METAL_ENABLE_DEBUG_INFO = YES;
				PRODUCT_NAME = "$(TARGET_NAME)";
			};
			name = Debug;
		};
		65E7E039195F1D75003A0280 /* Release */ = {
			isa = XCBuildConfiguration;
			buildSettings = {
				COMBINE_HIDPI_IMAGES = YES;
				FRAMEWORK_SEARCH_PATHS = (
					"$(DEVELOPER_FRAMEWORKS_DIR)",
					"$(inherited)",
				);
				INFOPLIST_FILE = craftTests/Info.plist;
				LD_RUNPATH_SEARCH_PATHS = "$(inherited) @executable_path/../Frameworks @loader_path/../Frameworks";
				METAL_ENABLE_DEBUG_INFO = NO;
				PRODUCT_NAME = "$(TARGET_NAME)";
			};
			name = Release;
		};
		65E7E04C195F21E9003A0280 /* Debug */ = {
			isa = XCBuildConfiguration;
			buildSettings = {
				FRAMEWORK_SEARCH_PATHS = (
					"$(DEVELOPER_FRAMEWORKS_DIR)",
					"$(inherited)",
				);
				GCC_PREPROCESSOR_DEFINITIONS = (
					"DEBUG=1",
					"$(inherited)",
				);
				INFOPLIST_FILE = "craft Tests/Info.plist";
				LD_RUNPATH_SEARCH_PATHS = "$(inherited) @executable_path/../Frameworks @loader_path/../Frameworks";
				METAL_ENABLE_DEBUG_INFO = YES;
				PRODUCT_NAME = "$(TARGET_NAME)";
			};
			name = Debug;
		};
		65E7E04D195F21E9003A0280 /* Release */ = {
			isa = XCBuildConfiguration;
			buildSettings = {
				FRAMEWORK_SEARCH_PATHS = (
					"$(DEVELOPER_FRAMEWORKS_DIR)",
					"$(inherited)",
				);
				INFOPLIST_FILE = "craft Tests/Info.plist";
				LD_RUNPATH_SEARCH_PATHS = "$(inherited) @executable_path/../Frameworks @loader_path/../Frameworks";
				METAL_ENABLE_DEBUG_INFO = NO;
				PRODUCT_NAME = "$(TARGET_NAME)";
			};
			name = Release;
		};
/* End XCBuildConfiguration section */

/* Begin XCConfigurationList section */
		65E7E018195F1D75003A0280 /* Build configuration list for PBXProject "craft" */ = {
			isa = XCConfigurationList;
			buildConfigurations = (
				65E7E032195F1D75003A0280 /* Debug */,
				65E7E033195F1D75003A0280 /* Release */,
			);
			defaultConfigurationIsVisible = 0;
			defaultConfigurationName = Release;
		};
		65E7E034195F1D75003A0280 /* Build configuration list for PBXNativeTarget "craft" */ = {
			isa = XCConfigurationList;
			buildConfigurations = (
				65E7E035195F1D75003A0280 /* Debug */,
				65E7E036195F1D75003A0280 /* Release */,
			);
			defaultConfigurationIsVisible = 0;
			defaultConfigurationName = Release;
		};
		65E7E037195F1D75003A0280 /* Build configuration list for PBXNativeTarget "craftTests" */ = {
			isa = XCConfigurationList;
			buildConfigurations = (
				65E7E038195F1D75003A0280 /* Debug */,
				65E7E039195F1D75003A0280 /* Release */,
			);
			defaultConfigurationIsVisible = 0;
			defaultConfigurationName = Release;
		};
		65E7E04B195F21E9003A0280 /* Build configuration list for PBXNativeTarget "craft Tests" */ = {
			isa = XCConfigurationList;
			buildConfigurations = (
				65E7E04C195F21E9003A0280 /* Debug */,
				65E7E04D195F21E9003A0280 /* Release */,
			);
			defaultConfigurationIsVisible = 0;
			defaultConfigurationName = Release;
		};
/* End XCConfigurationList section */
	};
	rootObject = 65E7E015195F1D75003A0280 /* Project object */;
}
